
Microsoft Visual Studio Solution File, Format Version 12.00
# Visual Studio Version 16
VisualStudioVersion = 16.0.29613.14
MinimumVisualStudioVersion = 10.0.40219.1
Project("{FAE04EC0-301F-11D3-BF4B-00C04F79EFBC}") = "ISRPO_Palashicheva_PR3(3)_primer", "ISRPO_Palashicheva_PR3(3)_primer.csproj", "{7B4DEAF7-3252-4D6E-8CE4-1CB1C2012D97}"
EndProject
Global
	GlobalSection(SolutionConfigurationPlatforms) = preSolution
		Debug|Any CPU = Debug|Any CPU
		Release|Any CPU = Release|Any CPU
	EndGlobalSection
	GlobalSection(ProjectConfigurationPlatforms) = postSolution
		{7B4DEAF7-3252-4D6E-8CE4-1CB1C2012D97}.Debug|Any CPU.ActiveCfg = Debug|Any CPU
		{7B4DEAF7-3252-4D6E-8CE4-1CB1C2012D97}.Debug|Any CPU.Build.0 = Debug|Any CPU
		{7B4DEAF7-3252-4D6E-8CE4-1CB1C2012D97}.Release|Any CPU.ActiveCfg = Release|Any CPU
		{7B4DEAF7-3252-4D6E-8CE4-1CB1C2012D97}.Release|Any CPU.Build.0 = Release|Any CPU
	EndGlobalSection
	GlobalSection(SolutionProperties) = preSolution
		HideSolutionNode = FALSE
	EndGlobalSection
	GlobalSection(ExtensibilityGlobals) = postSolution
		SolutionGuid = {2507D821-F89E-4D94-BE08-97D791C643D9}
	EndGlobalSection
EndGlobal
